%{
  "jason": {:hex, :jason, "1.4.4", "b9226785a9aa77b6857ca22832cffa5d5011a667207eb2a0ad56adb5db443b8a", [:mix], [{:decimal, "~> 1.0 or ~> 2.0", [hex: :decimal, repo: "hexpm", optional: true]}], "hexpm", "c5eb0cab91f094599f94d55bc63409236a8ec69a21a67814529e8d5f6cc90b3b"},
  "joken": {:hex, :joken, "2.6.2", "5daaf82259ca603af4f0b065475099ada1b2b849ff140ccd37f4b6828ca6892a", [:mix], [{:jose, "~> 1.11.10", [hex: :jose, repo: "hexpm", optional: false]}], "hexpm", "5134b5b0a6e37494e46dbf9e4dad53808e5e787904b7c73972651b51cce3d72b"},
  "jose": {:hex, :jose, "1.11.10", "a903f5227417bd2a08c8a00a0cbcc458118be84480955e8d251297a425723f83", [:mix, :rebar3], [], "hexpm", "0d6cd36ff8ba174db29148fc112b5842186b68a90ce9fc2b3ec3afe76593e614"},
  "livekit_protocol_ex": {:git, "git@github.com:phanmn/livekit-protocol-ex.git", "6e9449955de222ee91d087fbf6e7961008b249ad", [branch: "main"]},
  "protox": {:hex, :protox, "2.0.4", "2a86ae3699696c5d92e15804968ce6a6827a8d9516d0bbabcf16584dec710ae1", [:mix], [], "hexpm", "8ac5a03bb84da4c75d76dc29cd46008081c2068ad0f6f0da4c051093d6e24c01"},
  "recase": {:hex, :recase, "0.9.0", "437982693fdfbec125f11c8868eb3b4d32e9aa6995d3a68ac8686f3e2bf5d8d1", [:mix], [], "hexpm", "efa7549ebd128988d1723037a6f6a61948055aec107db6288f1c52830cb6501c"},
}
